
Microsoft Visual Studio Solution File, Format Version 12.00
# Visual Studio Version 17
VisualStudioVersion = 17.8.34330.188
MinimumVisualStudioVersion = 10.0.40219.1
Project("{2150E333-8FDC-42A3-9474-1A3956D46DE8}") = "RobotLibrary", "RobotLibrary", "{6AC39472-BAFA-4DF9-9EEE-D08C76C2B9E9}"
EndProject
Project("{9A19103F-16F7-4668-BE54-9A1E7A4F7556}") = "RobotAppLibraryV2", "RobotAppLibraryV2\RobotAppLibraryV2.csproj", "{E932EFC8-0812-4B59-AB55-9E2A0D2B5208}"
EndProject
Project("{9A19103F-16F7-4668-BE54-9A1E7A4F7556}") = "RobotAppLibraryV2.Tests", "RobotAppLibraryV2.Tests\RobotAppLibraryV2.Tests.csproj", "{370F30B5-B949-4756-A760-6F9A61773927}"
EndProject
Project("{9A19103F-16F7-4668-BE54-9A1E7A4F7556}") = "Robot.Mail", "Robot.Mail\Robot.Mail.csproj", "{FDC74594-168E-41B8-A2E5-388CF2BE1FD1}"
EndProject
Project("{2150E333-8FDC-42A3-9474-1A3956D46DE8}") = "SolutionItems", "SolutionItems", "{D81FFD52-342A-41BE-B48D-953BF5DFA1C4}"
	ProjectSection(SolutionItems) = preProject
		.gitlab-ci.yml = .gitlab-ci.yml
		docker-compose-dev.yml = docker-compose-dev.yml
		docker-compose.yml = docker-compose.yml
		Dockerfile = Dockerfile
	EndProjectSection
EndProject
Project("{9A19103F-16F7-4668-BE54-9A1E7A4F7556}") = "RobotAppLibraryV2.ApiConnector", "RobotAppLibraryV2.ApiConnector\RobotAppLibraryV2.ApiConnector.csproj", "{1F71C404-E4FF-4E43-B535-E271E4992F00}"
EndProject
Project("{9A19103F-16F7-4668-BE54-9A1E7A4F7556}") = "RobotAppLibraryV2.Api.Xtb", "RobotAppLibraryV2.Api.Xtb\RobotAppLibraryV2.Api.Xtb.csproj", "{B9192C42-9B3F-4F35-B70A-6E1C185EBE10}"
EndProject
Project("{9A19103F-16F7-4668-BE54-9A1E7A4F7556}") = "RobotAppLibraryV2.Modeles", "RobotAppLibraryV2.Modeles\RobotAppLibraryV2.Modeles.csproj", "{FB1A1DA0-6203-469E-AFE4-57DAAE78F199}"
EndProject
Project("{9A19103F-16F7-4668-BE54-9A1E7A4F7556}") = "RobotAppLibraryV2.Utils", "RobotAppLibraryV2.Utils\RobotAppLibraryV2.Utils.csproj", "{3777056E-F840-455F-B2DF-B4F57EB72DF1}"
EndProject
Project("{9A19103F-16F7-4668-BE54-9A1E7A4F7556}") = "Robot.DataBase", "Robot.DataBase\Robot.DataBase.csproj", "{BC7F141D-6321-4AF3-871D-08DAA3A91CA1}"
EndProject
Project("{9A19103F-16F7-4668-BE54-9A1E7A4F7556}") = "RobotAppLibraryV2.Exposition", "RobotAppLibraryV2.Exposition\RobotAppLibraryV2.Exposition.csproj", "{C1527704-9710-4E34-B888-584715088981}"
EndProject
Project("{9A19103F-16F7-4668-BE54-9A1E7A4F7556}") = "RobotAppLibraryV2.CandleList", "RobotAppLibraryV2.CandleList\RobotAppLibraryV2.CandleList.csproj", "{AB20F021-A771-439E-B3E6-ABA3D6545440}"
EndProject
Project("{9A19103F-16F7-4668-BE54-9A1E7A4F7556}") = "RobotAppLibraryV2.ApiHandler", "RobotAppLibraryV2.ApiHandler\RobotAppLibraryV2.ApiHandler.csproj", "{D2033A1C-E882-4300-8743-784126B00DD8}"
EndProject
Project("{9A19103F-16F7-4668-BE54-9A1E7A4F7556}") = "RobotAppLibraryV2.Indicators", "RobotAppLibraryV2.Indicators\RobotAppLibraryV2.Indicators.csproj", "{9154C7BD-A8F7-45FE-8C14-A7709C4FD3A3}"
EndProject
Project("{9A19103F-16F7-4668-BE54-9A1E7A4F7556}") = "RobotAppLibraryV2.MoneyManagement", "RobotAppLibraryV2.MoneyManagement\RobotAppLibraryV2.MoneyManagement.csproj", "{B3371832-038E-41D4-9E81-8E388B38E24B}"
EndProject
Project("{9A19103F-16F7-4668-BE54-9A1E7A4F7556}") = "RobotAppLibraryV2.Results", "RobotAppLibraryV2.Results\RobotAppLibraryV2.Results.csproj", "{46B642FD-4BCD-4A1E-B74C-0A63AC3F27F4}"
EndProject
Project("{9A19103F-16F7-4668-BE54-9A1E7A4F7556}") = "RobotAppLibraryV2.PositionHandler", "RobotAppLibraryV2.PositionHandler\RobotAppLibraryV2.PositionHandler.csproj", "{32B5864D-083E-42B3-96D8-D77220E78C64}"
EndProject
Project("{9A19103F-16F7-4668-BE54-9A1E7A4F7556}") = "RobotAppLibraryV2.StrategyDynamiqCompiler", "RobotAppLibraryV2.StrategyDynamiqCompiler\RobotAppLibraryV2.StrategyDynamiqCompiler.csproj", "{0D9A0295-2E06-4640-AE3D-9381568AC5AB}"
EndProject
Project("{54A90642-561A-4BB1-A94E-469ADEE60C69}") = "frontv2.client", "frontv2.client\frontv2.client.esproj", "{EB93FF07-6AA1-48C2-B67C-0393CC32B6C6}"
EndProject
Project("{FAE04EC0-301F-11D3-BF4B-00C04F79EFBC}") = "Robot.Server", "Robot.Server\Robot.Server.csproj", "{0B0021F8-BF23-4CA7-96FC-65036E5B6095}"
EndProject
Global
	GlobalSection(SolutionConfigurationPlatforms) = preSolution
		Debug|Any CPU = Debug|Any CPU
		Release|Any CPU = Release|Any CPU
	EndGlobalSection
	GlobalSection(ProjectConfigurationPlatforms) = postSolution
		{E932EFC8-0812-4B59-AB55-9E2A0D2B5208}.Debug|Any CPU.ActiveCfg = Debug|Any CPU
		{E932EFC8-0812-4B59-AB55-9E2A0D2B5208}.Debug|Any CPU.Build.0 = Debug|Any CPU
		{E932EFC8-0812-4B59-AB55-9E2A0D2B5208}.Release|Any CPU.ActiveCfg = Release|Any CPU
		{E932EFC8-0812-4B59-AB55-9E2A0D2B5208}.Release|Any CPU.Build.0 = Release|Any CPU
		{370F30B5-B949-4756-A760-6F9A61773927}.Debug|Any CPU.ActiveCfg = Debug|Any CPU
		{370F30B5-B949-4756-A760-6F9A61773927}.Debug|Any CPU.Build.0 = Debug|Any CPU
		{370F30B5-B949-4756-A760-6F9A61773927}.Release|Any CPU.ActiveCfg = Release|Any CPU
		{370F30B5-B949-4756-A760-6F9A61773927}.Release|Any CPU.Build.0 = Release|Any CPU
		{FDC74594-168E-41B8-A2E5-388CF2BE1FD1}.Debug|Any CPU.ActiveCfg = Debug|Any CPU
		{FDC74594-168E-41B8-A2E5-388CF2BE1FD1}.Debug|Any CPU.Build.0 = Debug|Any CPU
		{FDC74594-168E-41B8-A2E5-388CF2BE1FD1}.Release|Any CPU.ActiveCfg = Release|Any CPU
		{FDC74594-168E-41B8-A2E5-388CF2BE1FD1}.Release|Any CPU.Build.0 = Release|Any CPU
		{1F71C404-E4FF-4E43-B535-E271E4992F00}.Debug|Any CPU.ActiveCfg = Debug|Any CPU
		{1F71C404-E4FF-4E43-B535-E271E4992F00}.Debug|Any CPU.Build.0 = Debug|Any CPU
		{1F71C404-E4FF-4E43-B535-E271E4992F00}.Release|Any CPU.ActiveCfg = Release|Any CPU
		{1F71C404-E4FF-4E43-B535-E271E4992F00}.Release|Any CPU.Build.0 = Release|Any CPU
		{B9192C42-9B3F-4F35-B70A-6E1C185EBE10}.Debug|Any CPU.ActiveCfg = Debug|Any CPU
		{B9192C42-9B3F-4F35-B70A-6E1C185EBE10}.Debug|Any CPU.Build.0 = Debug|Any CPU
		{B9192C42-9B3F-4F35-B70A-6E1C185EBE10}.Release|Any CPU.ActiveCfg = Release|Any CPU
		{B9192C42-9B3F-4F35-B70A-6E1C185EBE10}.Release|Any CPU.Build.0 = Release|Any CPU
		{FB1A1DA0-6203-469E-AFE4-57DAAE78F199}.Debug|Any CPU.ActiveCfg = Debug|Any CPU
		{FB1A1DA0-6203-469E-AFE4-57DAAE78F199}.Debug|Any CPU.Build.0 = Debug|Any CPU
		{FB1A1DA0-6203-469E-AFE4-57DAAE78F199}.Release|Any CPU.ActiveCfg = Release|Any CPU
		{FB1A1DA0-6203-469E-AFE4-57DAAE78F199}.Release|Any CPU.Build.0 = Release|Any CPU
		{3777056E-F840-455F-B2DF-B4F57EB72DF1}.Debug|Any CPU.ActiveCfg = Debug|Any CPU
		{3777056E-F840-455F-B2DF-B4F57EB72DF1}.Debug|Any CPU.Build.0 = Debug|Any CPU
		{3777056E-F840-455F-B2DF-B4F57EB72DF1}.Release|Any CPU.ActiveCfg = Release|Any CPU
		{3777056E-F840-455F-B2DF-B4F57EB72DF1}.Release|Any CPU.Build.0 = Release|Any CPU
		{BC7F141D-6321-4AF3-871D-08DAA3A91CA1}.Debug|Any CPU.ActiveCfg = Debug|Any CPU
		{BC7F141D-6321-4AF3-871D-08DAA3A91CA1}.Debug|Any CPU.Build.0 = Debug|Any CPU
		{BC7F141D-6321-4AF3-871D-08DAA3A91CA1}.Release|Any CPU.ActiveCfg = Release|Any CPU
		{BC7F141D-6321-4AF3-871D-08DAA3A91CA1}.Release|Any CPU.Build.0 = Release|Any CPU
		{C1527704-9710-4E34-B888-584715088981}.Debug|Any CPU.ActiveCfg = Debug|Any CPU
		{C1527704-9710-4E34-B888-584715088981}.Debug|Any CPU.Build.0 = Debug|Any CPU
		{C1527704-9710-4E34-B888-584715088981}.Release|Any CPU.ActiveCfg = Release|Any CPU
		{C1527704-9710-4E34-B888-584715088981}.Release|Any CPU.Build.0 = Release|Any CPU
		{AB20F021-A771-439E-B3E6-ABA3D6545440}.Debug|Any CPU.ActiveCfg = Debug|Any CPU
		{AB20F021-A771-439E-B3E6-ABA3D6545440}.Debug|Any CPU.Build.0 = Debug|Any CPU
		{AB20F021-A771-439E-B3E6-ABA3D6545440}.Release|Any CPU.ActiveCfg = Release|Any CPU
		{AB20F021-A771-439E-B3E6-ABA3D6545440}.Release|Any CPU.Build.0 = Release|Any CPU
		{D2033A1C-E882-4300-8743-784126B00DD8}.Debug|Any CPU.ActiveCfg = Debug|Any CPU
		{D2033A1C-E882-4300-8743-784126B00DD8}.Debug|Any CPU.Build.0 = Debug|Any CPU
		{D2033A1C-E882-4300-8743-784126B00DD8}.Release|Any CPU.ActiveCfg = Release|Any CPU
		{D2033A1C-E882-4300-8743-784126B00DD8}.Release|Any CPU.Build.0 = Release|Any CPU
		{9154C7BD-A8F7-45FE-8C14-A7709C4FD3A3}.Debug|Any CPU.ActiveCfg = Debug|Any CPU
		{9154C7BD-A8F7-45FE-8C14-A7709C4FD3A3}.Debug|Any CPU.Build.0 = Debug|Any CPU
		{9154C7BD-A8F7-45FE-8C14-A7709C4FD3A3}.Release|Any CPU.ActiveCfg = Release|Any CPU
		{9154C7BD-A8F7-45FE-8C14-A7709C4FD3A3}.Release|Any CPU.Build.0 = Release|Any CPU
		{B3371832-038E-41D4-9E81-8E388B38E24B}.Debug|Any CPU.ActiveCfg = Debug|Any CPU
		{B3371832-038E-41D4-9E81-8E388B38E24B}.Debug|Any CPU.Build.0 = Debug|Any CPU
		{B3371832-038E-41D4-9E81-8E388B38E24B}.Release|Any CPU.ActiveCfg = Release|Any CPU
		{B3371832-038E-41D4-9E81-8E388B38E24B}.Release|Any CPU.Build.0 = Release|Any CPU
		{46B642FD-4BCD-4A1E-B74C-0A63AC3F27F4}.Debug|Any CPU.ActiveCfg = Debug|Any CPU
		{46B642FD-4BCD-4A1E-B74C-0A63AC3F27F4}.Debug|Any CPU.Build.0 = Debug|Any CPU
		{46B642FD-4BCD-4A1E-B74C-0A63AC3F27F4}.Release|Any CPU.ActiveCfg = Release|Any CPU
		{46B642FD-4BCD-4A1E-B74C-0A63AC3F27F4}.Release|Any CPU.Build.0 = Release|Any CPU
		{32B5864D-083E-42B3-96D8-D77220E78C64}.Debug|Any CPU.ActiveCfg = Debug|Any CPU
		{32B5864D-083E-42B3-96D8-D77220E78C64}.Debug|Any CPU.Build.0 = Debug|Any CPU
		{32B5864D-083E-42B3-96D8-D77220E78C64}.Release|Any CPU.ActiveCfg = Release|Any CPU
		{32B5864D-083E-42B3-96D8-D77220E78C64}.Release|Any CPU.Build.0 = Release|Any CPU
		{0D9A0295-2E06-4640-AE3D-9381568AC5AB}.Debug|Any CPU.ActiveCfg = Debug|Any CPU
		{0D9A0295-2E06-4640-AE3D-9381568AC5AB}.Debug|Any CPU.Build.0 = Debug|Any CPU
		{0D9A0295-2E06-4640-AE3D-9381568AC5AB}.Release|Any CPU.ActiveCfg = Release|Any CPU
		{0D9A0295-2E06-4640-AE3D-9381568AC5AB}.Release|Any CPU.Build.0 = Release|Any CPU
		{EB93FF07-6AA1-48C2-B67C-0393CC32B6C6}.Debug|Any CPU.ActiveCfg = Debug|Any CPU
		{EB93FF07-6AA1-48C2-B67C-0393CC32B6C6}.Debug|Any CPU.Build.0 = Debug|Any CPU
		{EB93FF07-6AA1-48C2-B67C-0393CC32B6C6}.Release|Any CPU.ActiveCfg = Debug|Any CPU
		{EB93FF07-6AA1-48C2-B67C-0393CC32B6C6}.Release|Any CPU.Build.0 = Debug|Any CPU
		{0B0021F8-BF23-4CA7-96FC-65036E5B6095}.Debug|Any CPU.ActiveCfg = Debug|Any CPU
		{0B0021F8-BF23-4CA7-96FC-65036E5B6095}.Debug|Any CPU.Build.0 = Debug|Any CPU
		{0B0021F8-BF23-4CA7-96FC-65036E5B6095}.Release|Any CPU.ActiveCfg = Release|Any CPU
		{0B0021F8-BF23-4CA7-96FC-65036E5B6095}.Release|Any CPU.Build.0 = Release|Any CPU
	EndGlobalSection
	GlobalSection(SolutionProperties) = preSolution
		HideSolutionNode = FALSE
	EndGlobalSection
	GlobalSection(NestedProjects) = preSolution
		{E932EFC8-0812-4B59-AB55-9E2A0D2B5208} = {6AC39472-BAFA-4DF9-9EEE-D08C76C2B9E9}
		{370F30B5-B949-4756-A760-6F9A61773927} = {6AC39472-BAFA-4DF9-9EEE-D08C76C2B9E9}
		{1F71C404-E4FF-4E43-B535-E271E4992F00} = {6AC39472-BAFA-4DF9-9EEE-D08C76C2B9E9}
		{B9192C42-9B3F-4F35-B70A-6E1C185EBE10} = {6AC39472-BAFA-4DF9-9EEE-D08C76C2B9E9}
		{FB1A1DA0-6203-469E-AFE4-57DAAE78F199} = {6AC39472-BAFA-4DF9-9EEE-D08C76C2B9E9}
		{3777056E-F840-455F-B2DF-B4F57EB72DF1} = {6AC39472-BAFA-4DF9-9EEE-D08C76C2B9E9}
		{C1527704-9710-4E34-B888-584715088981} = {6AC39472-BAFA-4DF9-9EEE-D08C76C2B9E9}
		{AB20F021-A771-439E-B3E6-ABA3D6545440} = {6AC39472-BAFA-4DF9-9EEE-D08C76C2B9E9}
		{D2033A1C-E882-4300-8743-784126B00DD8} = {6AC39472-BAFA-4DF9-9EEE-D08C76C2B9E9}
		{9154C7BD-A8F7-45FE-8C14-A7709C4FD3A3} = {6AC39472-BAFA-4DF9-9EEE-D08C76C2B9E9}
		{B3371832-038E-41D4-9E81-8E388B38E24B} = {6AC39472-BAFA-4DF9-9EEE-D08C76C2B9E9}
		{46B642FD-4BCD-4A1E-B74C-0A63AC3F27F4} = {6AC39472-BAFA-4DF9-9EEE-D08C76C2B9E9}
		{32B5864D-083E-42B3-96D8-D77220E78C64} = {6AC39472-BAFA-4DF9-9EEE-D08C76C2B9E9}
		{0D9A0295-2E06-4640-AE3D-9381568AC5AB} = {6AC39472-BAFA-4DF9-9EEE-D08C76C2B9E9}
	EndGlobalSection
EndGlobal
